{
  "version": 1,
  "dependencies": {
    "net7.0": {
      "FastEndpoints": {
        "type": "Direct",
        "requested": "[4.3.1, )",
        "resolved": "4.3.1",
        "contentHash": "nHRNCvqUF5byCEvWaGq8aduf9SgammYoQI6MKjKQqT4n+t50RjwcjhPrgFxeXiXVMh5SVLG+Yp+9hgdDDyALsQ==",
        "dependencies": {
          "FluentValidation": "11.1.0"
        }
      },
      "FluentValidation": {
        "type": "Transitive",
        "resolved": "11.1.0",
        "contentHash": "Ld7w+2jOmnhQqFkngEGuEWTRa5j6u4Xzli7jKxRtbA5PtuHHcpin01qxvxYL0LomeJuzRMGAOURu2rKONdjKQA=="
      }
    }
  }
}