
Microsoft Visual Studio Solution File, Format Version 12.00
# Visual Studio Version 17
VisualStudioVersion = 17.1.32120.378
MinimumVisualStudioVersion = 10.0.40219.1
Project("{2150E333-8FDC-42A3-9474-1A3956D46DE8}") = "src", "src", "{F2AA005F-42B2-4F6E-AD84-FD5A4D8CFCC5}"
EndProject
Project("{9A19103F-16F7-4668-BE54-9A1E7A4F7556}") = "NoPlan.Api", "src\NoPlan.Api\NoPlan.Api.csproj", "{987A7C01-8FFD-42A9-A08D-04AB980AF8AB}"
EndProject
Project("{9A19103F-16F7-4668-BE54-9A1E7A4F7556}") = "NoPlan.Contracts", "src\NoPlan.Contracts\NoPlan.Contracts.csproj", "{F69C660E-DC78-405F-B546-745E04F75415}"
EndProject
Project("{2150E333-8FDC-42A3-9474-1A3956D46DE8}") = "tests", "tests", "{658FDE7E-6C26-4730-9951-49F81260C2B1}"
EndProject
Project("{2150E333-8FDC-42A3-9474-1A3956D46DE8}") = "Solution Items", "Solution Items", "{89856EE3-7A1F-4DB4-993C-929ACD5CE834}"
	ProjectSection(SolutionItems) = preProject
		.gitignore = .gitignore
		README.MD = README.MD
		LICENSE = LICENSE
		.editorconfig = .editorconfig
	EndProjectSection
EndProject
Project("{FAE04EC0-301F-11D3-BF4B-00C04F79EFBC}") = "NoPlan.Infrastructure", "src\NoPlan.Infrastructure\NoPlan.Infrastructure.csproj", "{7148D0A0-C3D5-4807-99D3-E4AB88875F03}"
EndProject
Project("{2150E333-8FDC-42A3-9474-1A3956D46DE8}") = "load-testing", "load-testing", "{1A1F1BE2-714F-4A3D-BF18-66A85D39720E}"
	ProjectSection(SolutionItems) = preProject
		load-testing\stressTest.js = load-testing\stressTest.js
		load-testing\spikeTest.js = load-testing\spikeTest.js
		load-testing\loadTest.js = load-testing\loadTest.js
	EndProjectSection
EndProject
Project("{2150E333-8FDC-42A3-9474-1A3956D46DE8}") = "github-actions", "github-actions", "{DFC618CE-925B-43A3-B9B9-139A00663BE1}"
	ProjectSection(SolutionItems) = preProject
		.github\workflows\deploy.yml = .github\workflows\deploy.yml
		.github\workflows\pr.yml = .github\workflows\pr.yml
	EndProjectSection
EndProject
Project("{FAE04EC0-301F-11D3-BF4B-00C04F79EFBC}") = "NoPlan.Api.Tests.Unit", "tests\NoPlan.Api.Tests.Unit\NoPlan.Api.Tests.Unit.csproj", "{8388437E-941B-4B1A-B822-9B83FED069CD}"
EndProject
Project("{FAE04EC0-301F-11D3-BF4B-00C04F79EFBC}") = "NoPlan.Api.Tests.Integration", "tests\NoPlan.Api.Tests.Integration\NoPlan.Api.Tests.Integration.csproj", "{95E51505-3889-4F35-B535-F7802D677698}"
EndProject
Global
	GlobalSection(SolutionConfigurationPlatforms) = preSolution
		Debug|Any CPU = Debug|Any CPU
		Release|Any CPU = Release|Any CPU
	EndGlobalSection
	GlobalSection(ProjectConfigurationPlatforms) = postSolution
		{987A7C01-8FFD-42A9-A08D-04AB980AF8AB}.Debug|Any CPU.ActiveCfg = Debug|Any CPU
		{987A7C01-8FFD-42A9-A08D-04AB980AF8AB}.Debug|Any CPU.Build.0 = Debug|Any CPU
		{987A7C01-8FFD-42A9-A08D-04AB980AF8AB}.Release|Any CPU.ActiveCfg = Release|Any CPU
		{987A7C01-8FFD-42A9-A08D-04AB980AF8AB}.Release|Any CPU.Build.0 = Release|Any CPU
		{F69C660E-DC78-405F-B546-745E04F75415}.Debug|Any CPU.ActiveCfg = Debug|Any CPU
		{F69C660E-DC78-405F-B546-745E04F75415}.Debug|Any CPU.Build.0 = Debug|Any CPU
		{F69C660E-DC78-405F-B546-745E04F75415}.Release|Any CPU.ActiveCfg = Release|Any CPU
		{F69C660E-DC78-405F-B546-745E04F75415}.Release|Any CPU.Build.0 = Release|Any CPU
		{7148D0A0-C3D5-4807-99D3-E4AB88875F03}.Debug|Any CPU.ActiveCfg = Debug|Any CPU
		{7148D0A0-C3D5-4807-99D3-E4AB88875F03}.Debug|Any CPU.Build.0 = Debug|Any CPU
		{7148D0A0-C3D5-4807-99D3-E4AB88875F03}.Release|Any CPU.ActiveCfg = Release|Any CPU
		{7148D0A0-C3D5-4807-99D3-E4AB88875F03}.Release|Any CPU.Build.0 = Release|Any CPU
		{8388437E-941B-4B1A-B822-9B83FED069CD}.Debug|Any CPU.ActiveCfg = Debug|Any CPU
		{8388437E-941B-4B1A-B822-9B83FED069CD}.Debug|Any CPU.Build.0 = Debug|Any CPU
		{8388437E-941B-4B1A-B822-9B83FED069CD}.Release|Any CPU.ActiveCfg = Release|Any CPU
		{8388437E-941B-4B1A-B822-9B83FED069CD}.Release|Any CPU.Build.0 = Release|Any CPU
		{95E51505-3889-4F35-B535-F7802D677698}.Debug|Any CPU.ActiveCfg = Debug|Any CPU
		{95E51505-3889-4F35-B535-F7802D677698}.Debug|Any CPU.Build.0 = Debug|Any CPU
		{95E51505-3889-4F35-B535-F7802D677698}.Release|Any CPU.ActiveCfg = Release|Any CPU
		{95E51505-3889-4F35-B535-F7802D677698}.Release|Any CPU.Build.0 = Release|Any CPU
	EndGlobalSection
	GlobalSection(SolutionProperties) = preSolution
		HideSolutionNode = FALSE
	EndGlobalSection
	GlobalSection(NestedProjects) = preSolution
		{987A7C01-8FFD-42A9-A08D-04AB980AF8AB} = {F2AA005F-42B2-4F6E-AD84-FD5A4D8CFCC5}
		{F69C660E-DC78-405F-B546-745E04F75415} = {F2AA005F-42B2-4F6E-AD84-FD5A4D8CFCC5}
		{7148D0A0-C3D5-4807-99D3-E4AB88875F03} = {F2AA005F-42B2-4F6E-AD84-FD5A4D8CFCC5}
		{1A1F1BE2-714F-4A3D-BF18-66A85D39720E} = {89856EE3-7A1F-4DB4-993C-929ACD5CE834}
		{DFC618CE-925B-43A3-B9B9-139A00663BE1} = {89856EE3-7A1F-4DB4-993C-929ACD5CE834}
		{8388437E-941B-4B1A-B822-9B83FED069CD} = {658FDE7E-6C26-4730-9951-49F81260C2B1}
		{95E51505-3889-4F35-B535-F7802D677698} = {658FDE7E-6C26-4730-9951-49F81260C2B1}
	EndGlobalSection
	GlobalSection(ExtensibilityGlobals) = postSolution
		SolutionGuid = {363F91DB-7510-4A5C-B46E-4E19B3A385F3}
	EndGlobalSection
EndGlobal
